
Microsoft Visual Studio Solution File, Format Version 12.00
# Visual Studio Version 16
VisualStudioVersion = 16.0.31515.178
MinimumVisualStudioVersion = 10.0.40219.1
Project("{FAE04EC0-301F-11D3-BF4B-00C04F79EFBC}") = "Question3", "Question1\Question3.csproj", "{0887BB46-F047-44C8-BD46-6E441A095827}"
EndProject
Project("{FAE04EC0-301F-11D3-BF4B-00C04F79EFBC}") = "Question5", "Question5\Question5.csproj", "{5FEADE4F-B87C-4EC4-A4E6-51DD2845A04D}"
EndProject
Project("{FAE04EC0-301F-11D3-BF4B-00C04F79EFBC}") = "ConsoleApp1", "ConsoleApp1\ConsoleApp1.csproj", "{C83D009C-37F9-4CE8-B75F-601C37C718F9}"
EndProject
Project("{FAE04EC0-301F-11D3-BF4B-00C04F79EFBC}") = "UpdatedQuestn5", "UpdatedQuestn5\UpdatedQuestn5.csproj", "{3103029B-D3F7-42ED-95CC-FA3E46B0EF79}"
EndProject
Project("{FAE04EC0-301F-11D3-BF4B-00C04F79EFBC}") = "UpdatedQuestion3", "UpdatedQuestion3\UpdatedQuestion3.csproj", "{1B7980A6-86A9-426D-B478-8069D00B75E2}"
EndProject
Global
	GlobalSection(SolutionConfigurationPlatforms) = preSolution
		Debug|Any CPU = Debug|Any CPU
		Release|Any CPU = Release|Any CPU
	EndGlobalSection
	GlobalSection(ProjectConfigurationPlatforms) = postSolution
		{0887BB46-F047-44C8-BD46-6E441A095827}.Debug|Any CPU.ActiveCfg = Debug|Any CPU
		{0887BB46-F047-44C8-BD46-6E441A095827}.Debug|Any CPU.Build.0 = Debug|Any CPU
		{0887BB46-F047-44C8-BD46-6E441A095827}.Release|Any CPU.ActiveCfg = Release|Any CPU
		{0887BB46-F047-44C8-BD46-6E441A095827}.Release|Any CPU.Build.0 = Release|Any CPU
		{5FEADE4F-B87C-4EC4-A4E6-51DD2845A04D}.Debug|Any CPU.ActiveCfg = Debug|Any CPU
		{5FEADE4F-B87C-4EC4-A4E6-51DD2845A04D}.Debug|Any CPU.Build.0 = Debug|Any CPU
		{5FEADE4F-B87C-4EC4-A4E6-51DD2845A04D}.Release|Any CPU.ActiveCfg = Release|Any CPU
		{5FEADE4F-B87C-4EC4-A4E6-51DD2845A04D}.Release|Any CPU.Build.0 = Release|Any CPU
		{C83D009C-37F9-4CE8-B75F-601C37C718F9}.Debug|Any CPU.ActiveCfg = Debug|Any CPU
		{C83D009C-37F9-4CE8-B75F-601C37C718F9}.Debug|Any CPU.Build.0 = Debug|Any CPU
		{C83D009C-37F9-4CE8-B75F-601C37C718F9}.Release|Any CPU.ActiveCfg = Release|Any CPU
		{C83D009C-37F9-4CE8-B75F-601C37C718F9}.Release|Any CPU.Build.0 = Release|Any CPU
		{3103029B-D3F7-42ED-95CC-FA3E46B0EF79}.Debug|Any CPU.ActiveCfg = Debug|Any CPU
		{3103029B-D3F7-42ED-95CC-FA3E46B0EF79}.Debug|Any CPU.Build.0 = Debug|Any CPU
		{3103029B-D3F7-42ED-95CC-FA3E46B0EF79}.Release|Any CPU.ActiveCfg = Release|Any CPU
		{3103029B-D3F7-42ED-95CC-FA3E46B0EF79}.Release|Any CPU.Build.0 = Release|Any CPU
		{1B7980A6-86A9-426D-B478-8069D00B75E2}.Debug|Any CPU.ActiveCfg = Debug|Any CPU
		{1B7980A6-86A9-426D-B478-8069D00B75E2}.Debug|Any CPU.Build.0 = Debug|Any CPU
		{1B7980A6-86A9-426D-B478-8069D00B75E2}.Release|Any CPU.ActiveCfg = Release|Any CPU
		{1B7980A6-86A9-426D-B478-8069D00B75E2}.Release|Any CPU.Build.0 = Release|Any CPU
	EndGlobalSection
	GlobalSection(SolutionProperties) = preSolution
		HideSolutionNode = FALSE
	EndGlobalSection
	GlobalSection(ExtensibilityGlobals) = postSolution
		SolutionGuid = {564C6559-AD78-48BA-B740-60A5BE3DD125}
	EndGlobalSection
EndGlobal
